[[package]]
category = "main"
description = "Pythonic argument parser, that will make you smile"
name = "docopt"
optional = false
python-versions = "*"
version = "0.6.2"

[[package]]
category = "main"
description = "Modules to convert numbers to words. Easily extensible."
name = "num2words"
optional = false
python-versions = "*"
version = "0.5.10"

[package.dependencies]
docopt = ">=0.6.2"

[[package]]
category = "main"
description = "Python 2 and 3 compatibility utilities"
name = "six"
optional = false
python-versions = ">=2.6, !=3.0.*, !=3.1.*"
version = "1.13.0"

[[package]]
category = "main"
description = "Bi-directional transliterator for Python"
name = "transliterate"
optional = false
python-versions = "*"
version = "1.10.2"

[package.dependencies]
six = ">=1.1.0"

[metadata]
content-hash = "e1bace0b65494bfd6b5733934c48a2950619d192312e3e1c522ed85412b2177e"
python-versions = "^3.7"

[metadata.hashes]
docopt = ["49b3a825280bd66b3aa83585ef59c4a8c82f2c8a522dbe754a8bc8d08c85c491"]
num2words = ["0b6e5f53f11d3005787e206d9c03382f459ef048a43c544e3db3b1e05a961548", "37cd4f60678f7e1045cdc3adf6acf93c8b41bf732da860f97d301f04e611cc57"]
six = ["1f1b7d42e254082a9db6279deae68afb421ceba6158efa6131de7b3003ee93fd", "30f610279e8b2578cab6db20741130331735c781b56053c59c4076da27f06b66"]
transliterate = ["010a5021bf6021689c4fade0985f3f7b3db1f2f16a48a09a56797f171c08ed42", "bc608e0d48e687db9c2b1d7ea7c381afe0d1849cad216087d8e03d8d06a57c85"]
